
Microsoft Visual Studio Solution File, Format Version 12.00
# Visual Studio Version 17
VisualStudioVersion = 17.10.34916.146
MinimumVisualStudioVersion = 10.0.40219.1
Project("{FAE04EC0-301F-11D3-BF4B-00C04F79EFBC}") = "ExerInterface", "ExerInterface.csproj", "{B18213DF-6314-4460-B243-241134C2E698}"
EndProject
Global
	GlobalSection(SolutionConfigurationPlatforms) = preSolution
		Debug|Any CPU = Debug|Any CPU
		Release|Any CPU = Release|Any CPU
	EndGlobalSection
	GlobalSection(ProjectConfigurationPlatforms) = postSolution
		{B18213DF-6314-4460-B243-241134C2E698}.Debug|Any CPU.ActiveCfg = Debug|Any CPU
		{B18213DF-6314-4460-B243-241134C2E698}.Debug|Any CPU.Build.0 = Debug|Any CPU
		{B18213DF-6314-4460-B243-241134C2E698}.Release|Any CPU.ActiveCfg = Release|Any CPU
		{B18213DF-6314-4460-B243-241134C2E698}.Release|Any CPU.Build.0 = Release|Any CPU
	EndGlobalSection
	GlobalSection(SolutionProperties) = preSolution
		HideSolutionNode = FALSE
	EndGlobalSection
	GlobalSection(ExtensibilityGlobals) = postSolution
		SolutionGuid = {BE916F75-A782-4A01-BD3E-9AA668458AF8}
	EndGlobalSection
EndGlobal
